Microsoft Visual Studio Solution File, Format Version 12.00
# Visual Studio Version 17
VisualStudioVersion = 17.0.31903.59
MinimumVisualStudioVersion = 10.0.40219.1
Project("{9A19103F-16F7-4668-BE54-9A1E7A4F7556}") = "NeoChaOS", "NeoChaOS\NeoChaOS\NeoChaOS.csproj", "{58ABBB25-806D-4057-80E0-5AF297348CCD}"
EndProject
Project("{9A19103F-16F7-4668-BE54-9A1E7A4F7556}") = "NeoChaOS.x86", "NeoChaOS\NeoChaOS.x86\NeoChaOS.x86.csproj", "{D2EF0C18-5744-45FF-A49D-4853D3263662}"
EndProject
Global
	GlobalSection(SolutionConfigurationPlatforms) = preSolution
		Debug|Any CPU = Debug|Any CPU
		Release|Any CPU = Release|Any CPU
	EndGlobalSection
	GlobalSection(ProjectConfigurationPlatforms) = postSolution
		{58ABBB25-806D-4057-80E0-5AF297348CCD}.Debug|Any CPU.ActiveCfg = Debug|Any CPU
		{58ABBB25-806D-4057-80E0-5AF297348CCD}.Debug|Any CPU.Build.0 = Debug|Any CPU
		{58ABBB25-806D-4057-80E0-5AF297348CCD}.Release|Any CPU.ActiveCfg = Release|Any CPU
		{58ABBB25-806D-4057-80E0-5AF297348CCD}.Release|Any CPU.Build.0 = Release|Any CPU
		{D2EF0C18-5744-45FF-A49D-4853D3263662}.Debug|Any CPU.ActiveCfg = Debug|Any CPU
		{D2EF0C18-5744-45FF-A49D-4853D3263662}.Debug|Any CPU.Build.0 = Debug|Any CPU
		{D2EF0C18-5744-45FF-A49D-4853D3263662}.Release|Any CPU.ActiveCfg = Release|Any CPU
		{D2EF0C18-5744-45FF-A49D-4853D3263662}.Release|Any CPU.Build.0 = Release|Any CPU
	EndGlobalSection
	GlobalSection(SolutionProperties) = preSolution
		HideSolutionNode = FALSE
	EndGlobalSection
	GlobalSection(ExtensibilityGlobals) = postSolution
		SolutionGuid = {52BF8D7E-495C-4411-80E7-7C7A0FC5E58B}
	EndGlobalSection
EndGlobal
